
Microsoft Visual Studio Solution File, Format Version 12.00
# Visual Studio Version 16
VisualStudioVersion = 16.0.29230.47
MinimumVisualStudioVersion = 10.0.40219.1
Project("{FAE04EC0-301F-11D3-BF4B-00C04F79EFBC}") = "Aplikacija", "Aplikacija\Aplikacija.csproj", "{9A4897F2-D778-409F-AADC-45EC8AB903AF}"
EndProject
Global
	GlobalSection(SolutionConfigurationPlatforms) = preSolution
		Debug|Any CPU = Debug|Any CPU
		Release|Any CPU = Release|Any CPU
	EndGlobalSection
	GlobalSection(ProjectConfigurationPlatforms) = postSolution
		{9A4897F2-D778-409F-AADC-45EC8AB903AF}.Debug|Any CPU.ActiveCfg = Debug|Any CPU
		{9A4897F2-D778-409F-AADC-45EC8AB903AF}.Debug|Any CPU.Build.0 = Debug|Any CPU
		{9A4897F2-D778-409F-AADC-45EC8AB903AF}.Release|Any CPU.ActiveCfg = Release|Any CPU
		{9A4897F2-D778-409F-AADC-45EC8AB903AF}.Release|Any CPU.Build.0 = Release|Any CPU
	EndGlobalSection
	GlobalSection(SolutionProperties) = preSolution
		HideSolutionNode = FALSE
	EndGlobalSection
	GlobalSection(ExtensibilityGlobals) = postSolution
		SolutionGuid = {28AC7FE4-F27D-402A-AF25-3757BA0C2A53}
	EndGlobalSection
EndGlobal
